// !$*UTF8*$!
{
	archiveVersion = 1;
	classes = {
	};
	objectVersion = 55;
	objects = {

/* Begin PBXBuildFile section */
		43C27696BA841A3682D02836 /* Pods_MyLibrary.framework in Frameworks */ = {isa = PBXBuildFile; fileRef = 0D3284DA9F43D14CB065348C /* Pods_MyLibrary.framework */; };
		C5BC7C2C289D105E00C740BD /* AppDelegate.swift in Sources */ = {isa = PBXBuildFile; fileRef = C5BC7C2B289D105E00C740BD /* AppDelegate.swift */; };
		C5BC7C2E289D105E00C740BD /* SceneDelegate.swift in Sources */ = {isa = PBXBuildFile; fileRef = C5BC7C2D289D105E00C740BD /* SceneDelegate.swift */; };
		C5BC7C35289D105F00C740BD /* Assets.xcassets in Resources */ = {isa = PBXBuildFile; fileRef = C5BC7C34289D105F00C740BD /* Assets.xcassets */; };
		C5BC7C38289D105F00C740BD /* LaunchScreen.storyboard in Resources */ = {isa = PBXBuildFile; fileRef = C5BC7C36289D105F00C740BD /* LaunchScreen.storyboard */; };
		C5BC7C40289D115300C740BD /* MainViewController.swift in Sources */ = {isa = PBXBuildFile; fileRef = C5BC7C3F289D115300C740BD /* MainViewController.swift */; };
		C5BC7C44289D17EA00C740BD /* SearchBar.swift in Sources */ = {isa = PBXBuildFile; fileRef = C5BC7C43289D17EA00C740BD /* SearchBar.swift */; };
		C5BC7C46289D17F500C740BD /* SearchBarViewModel.swift in Sources */ = {isa = PBXBuildFile; fileRef = C5BC7C45289D17F500C740BD /* SearchBarViewModel.swift */; };
		C5BC7C49289D18F200C740BD /* BookListView.swift in Sources */ = {isa = PBXBuildFile; fileRef = C5BC7C48289D18F200C740BD /* BookListView.swift */; };
		C5BC7C4B289D18FA00C740BD /* BookListCell.swift in Sources */ = {isa = PBXBuildFile; fileRef = C5BC7C4A289D18FA00C740BD /* BookListCell.swift */; };
		C5BC7C4D289D190400C740BD /* BookListViewModel.swift in Sources */ = {isa = PBXBuildFile; fileRef = C5BC7C4C289D190400C740BD /* BookListViewModel.swift */; };
		C5BC7C50289D1A2E00C740BD /* BookListCellData.swift in Sources */ = {isa = PBXBuildFile; fileRef = C5BC7C4F289D1A2E00C740BD /* BookListCellData.swift */; };
		C5BC7C52289D1B9600C740BD /* FilterView.swift in Sources */ = {isa = PBXBuildFile; fileRef = C5BC7C51289D1B9600C740BD /* FilterView.swift */; };
		C5BC7C54289D1B9E00C740BD /* FilterViewModel.swift in Sources */ = {isa = PBXBuildFile; fileRef = C5BC7C53289D1B9E00C740BD /* FilterViewModel.swift */; };
		C5BC7C59289D1CE500C740BD /* AlertActionConvertible.swift in Sources */ = {isa = PBXBuildFile; fileRef = C5BC7C58289D1CE500C740BD /* AlertActionConvertible.swift */; };
		C5BC7C5E289D26D400C740BD /* API.swift in Sources */ = {isa = PBXBuildFile; fileRef = C5BC7C5D289D26D400C740BD /* API.swift */; };
		C5BC7C60289D26DD00C740BD /* Network.swift in Sources */ = {isa = PBXBuildFile; fileRef = C5BC7C5F289D26DD00C740BD /* Network.swift */; };
		C5BC7C63289D270800C740BD /* Book.swift in Sources */ = {isa = PBXBuildFile; fileRef = C5BC7C62289D270800C740BD /* Book.swift */; };
		C5BC7C65289D279F00C740BD /* SearchNetworkError.swift in Sources */ = {isa = PBXBuildFile; fileRef = C5BC7C64289D279F00C740BD /* SearchNetworkError.swift */; };
/* End PBXBuildFile section */

/* Begin PBXFileReference section */
		0D3284DA9F43D14CB065348C /* Pods_MyLibrary.framework */ = {isa = PBXFileReference; explicitFileType = wrapper.framework; includeInIndex = 0; path = Pods_MyLibrary.framework; sourceTree = BUILT_PRODUCTS_DIR; };
		A17D2DA278E744B9DF976B81 /* Pods-MyLibrary.release.xcconfig */ = {isa = PBXFileReference; includeInIndex = 1; lastKnownFileType = text.xcconfig; name = "Pods-MyLibrary.release.xcconfig"; path = "Target Support Files/Pods-MyLibrary/Pods-MyLibrary.release.xcconfig"; sourceTree = "<group>"; };
		C5BC7C28289D105E00C740BD /* MyLibrary.app */ = {isa = PBXFileReference; explicitFileType = wrapper.application; includeInIndex = 0; path = MyLibrary.app; sourceTree = BUILT_PRODUCTS_DIR; };
		C5BC7C2B289D105E00C740BD /* AppDelegate.swift */ = {isa = PBXFileReference; lastKnownFileType = sourcecode.swift; path = AppDelegate.swift; sourceTree = "<group>"; };
		C5BC7C2D289D105E00C740BD /* SceneDelegate.swift */ = {isa = PBXFileReference; lastKnownFileType = sourcecode.swift; path = SceneDelegate.swift; sourceTree = "<group>"; };
		C5BC7C34289D105F00C740BD /* Assets.xcassets */ = {isa = PBXFileReference; lastKnownFileType = folder.assetcatalog; path = Assets.xcassets; sourceTree = "<group>"; };
		C5BC7C37289D105F00C740BD /* Base */ = {isa = PBXFileReference; lastKnownFileType = file.storyboard; name = Base; path = Base.lproj/LaunchScreen.storyboard; sourceTree = "<group>"; };
		C5BC7C39289D106000C740BD /* Info.plist */ = {isa = PBXFileReference; lastKnownFileType = text.plist.xml; path = Info.plist; sourceTree = "<group>"; };
		C5BC7C3F289D115300C740BD /* MainViewController.swift */ = {isa = PBXFileReference; lastKnownFileType = sourcecode.swift; path = MainViewController.swift; sourceTree = "<group>"; };
		C5BC7C43289D17EA00C740BD /* SearchBar.swift */ = {isa = PBXFileReference; lastKnownFileType = sourcecode.swift; path = SearchBar.swift; sourceTree = "<group>"; };
		C5BC7C45289D17F500C740BD /* SearchBarViewModel.swift */ = {isa = PBXFileReference; lastKnownFileType = sourcecode.swift; path = SearchBarViewModel.swift; sourceTree = "<group>"; };
		C5BC7C48289D18F200C740BD /* BookListView.swift */ = {isa = PBXFileReference; lastKnownFileType = sourcecode.swift; path = BookListView.swift; sourceTree = "<group>"; };
		C5BC7C4A289D18FA00C740BD /* BookListCell.swift */ = {isa = PBXFileReference; lastKnownFileType = sourcecode.swift; path = BookListCell.swift; sourceTree = "<group>"; };
		C5BC7C4C289D190400C740BD /* BookListViewModel.swift */ = {isa = PBXFileReference; lastKnownFileType = sourcecode.swift; path = BookListViewModel.swift; sourceTree = "<group>"; };
		C5BC7C4F289D1A2E00C740BD /* BookListCellData.swift */ = {isa = PBXFileReference; lastKnownFileType = sourcecode.swift; path = BookListCellData.swift; sourceTree = "<group>"; };
		C5BC7C51289D1B9600C740BD /* FilterView.swift */ = {isa = PBXFileReference; lastKnownFileType = sourcecode.swift; path = FilterView.swift; sourceTree = "<group>"; };
		C5BC7C53289D1B9E00C740BD /* FilterViewModel.swift */ = {isa = PBXFileReference; lastKnownFileType = sourcecode.swift; path = FilterViewModel.swift; sourceTree = "<group>"; };
		C5BC7C58289D1CE500C740BD /* AlertActionConvertible.swift */ = {isa = PBXFileReference; lastKnownFileType = sourcecode.swift; path = AlertActionConvertible.swift; sourceTree = "<group>"; };
		C5BC7C5D289D26D400C740BD /* API.swift */ = {isa = PBXFileReference; lastKnownFileType = sourcecode.swift; path = API.swift; sourceTree = "<group>"; };
		C5BC7C5F289D26DD00C740BD /* Network.swift */ = {isa = PBXFileReference; lastKnownFileType = sourcecode.swift; path = Network.swift; sourceTree = "<group>"; };
		C5BC7C62289D270800C740BD /* Book.swift */ = {isa = PBXFileReference; lastKnownFileType = sourcecode.swift; path = Book.swift; sourceTree = "<group>"; };
		C5BC7C64289D279F00C740BD /* SearchNetworkError.swift */ = {isa = PBXFileReference; lastKnownFileType = sourcecode.swift; path = SearchNetworkError.swift; sourceTree = "<group>"; };
		CC048CE0F48070392BBC6C07 /* Pods-MyLibrary.debug.xcconfig */ = {isa = PBXFileReference; includeInIndex = 1; lastKnownFileType = text.xcconfig; name = "Pods-MyLibrary.debug.xcconfig"; path = "Target Support Files/Pods-MyLibrary/Pods-MyLibrary.debug.xcconfig"; sourceTree = "<group>"; };
/* End PBXFileReference section */

/* Begin PBXFrameworksBuildPhase section */
		C5BC7C25289D105E00C740BD /* Frameworks */ = {
			isa = PBXFrameworksBuildPhase;
			buildActionMask = 2147483647;
			files = (
				43C27696BA841A3682D02836 /* Pods_MyLibrary.framework in Frameworks */,
			);
			runOnlyForDeploymentPostprocessing = 0;
		};
/* End PBXFrameworksBuildPhase section */

/* Begin PBXGroup section */
		18D56A1AC112B90ADDF4231F /* Frameworks */ = {
			isa = PBXGroup;
			children = (
				0D3284DA9F43D14CB065348C /* Pods_MyLibrary.framework */,
			);
			name = Frameworks;
			sourceTree = "<group>";
		};
		C5BC7C1F289D105E00C740BD = {
			isa = PBXGroup;
			children = (
				C5BC7C2A289D105E00C740BD /* MyLibrary */,
				C5BC7C29289D105E00C740BD /* Products */,
				E0C7F06F06A2EF64390AB0F4 /* Pods */,
				18D56A1AC112B90ADDF4231F /* Frameworks */,
			);
			sourceTree = "<group>";
		};
		C5BC7C29289D105E00C740BD /* Products */ = {
			isa = PBXGroup;
			children = (
				C5BC7C28289D105E00C740BD /* MyLibrary.app */,
			);
			name = Products;
			sourceTree = "<group>";
		};
		C5BC7C2A289D105E00C740BD /* MyLibrary */ = {
			isa = PBXGroup;
			children = (
				C5BC7C2B289D105E00C740BD /* AppDelegate.swift */,
				C5BC7C2D289D105E00C740BD /* SceneDelegate.swift */,
				C5BC7C3F289D115300C740BD /* MainViewController.swift */,
				C5BC7C34289D105F00C740BD /* Assets.xcassets */,
				C5BC7C36289D105F00C740BD /* LaunchScreen.storyboard */,
				C5BC7C39289D106000C740BD /* Info.plist */,
				C5BC7C5A289D1CF200C740BD /* Entities */,
				C5BC7C47289D18CC00C740BD /* SearchBar */,
				C5BC7C4E289D190900C740BD /* BookList */,
				C5BC7C55289D1BC500C740BD /* FilterView */,
				C5BC7C61289D26E200C740BD /* Network */,
			);
			path = MyLibrary;
			sourceTree = "<group>";
		};
		C5BC7C47289D18CC00C740BD /* SearchBar */ = {
			isa = PBXGroup;
			children = (
				C5BC7C43289D17EA00C740BD /* SearchBar.swift */,
				C5BC7C45289D17F500C740BD /* SearchBarViewModel.swift */,
			);
			path = SearchBar;
			sourceTree = "<group>";
		};
		C5BC7C4E289D190900C740BD /* BookList */ = {
			isa = PBXGroup;
			children = (
				C5BC7C4A289D18FA00C740BD /* BookListCell.swift */,
				C5BC7C48289D18F200C740BD /* BookListView.swift */,
				C5BC7C4C289D190400C740BD /* BookListViewModel.swift */,
			);
			path = BookList;
			sourceTree = "<group>";
		};
		C5BC7C55289D1BC500C740BD /* FilterView */ = {
			isa = PBXGroup;
			children = (
				C5BC7C51289D1B9600C740BD /* FilterView.swift */,
				C5BC7C53289D1B9E00C740BD /* FilterViewModel.swift */,
			);
			path = FilterView;
			sourceTree = "<group>";
		};
		C5BC7C5A289D1CF200C740BD /* Entities */ = {
			isa = PBXGroup;
			children = (
				C5BC7C58289D1CE500C740BD /* AlertActionConvertible.swift */,
				C5BC7C4F289D1A2E00C740BD /* BookListCellData.swift */,
				C5BC7C62289D270800C740BD /* Book.swift */,
				C5BC7C64289D279F00C740BD /* SearchNetworkError.swift */,
			);
			path = Entities;
			sourceTree = "<group>";
		};
		C5BC7C61289D26E200C740BD /* Network */ = {
			isa = PBXGroup;
			children = (
				C5BC7C5D289D26D400C740BD /* API.swift */,
				C5BC7C5F289D26DD00C740BD /* Network.swift */,
			);
			path = Network;
			sourceTree = "<group>";
		};
		E0C7F06F06A2EF64390AB0F4 /* Pods */ = {
			isa = PBXGroup;
			children = (
				CC048CE0F48070392BBC6C07 /* Pods-MyLibrary.debug.xcconfig */,
				A17D2DA278E744B9DF976B81 /* Pods-MyLibrary.release.xcconfig */,
			);
			path = Pods;
			sourceTree = "<group>";
		};
/* End PBXGroup section */

/* Begin PBXNativeTarget section */
		C5BC7C27289D105E00C740BD /* MyLibrary */ = {
			isa = PBXNativeTarget;
			buildConfigurationList = C5BC7C3C289D106000C740BD /* Build configuration list for PBXNativeTarget "MyLibrary" */;
			buildPhases = (
				CC2F7362F2D0BF19DA172611 /* [CP] Check Pods Manifest.lock */,
				C5BC7C24289D105E00C740BD /* Sources */,
				C5BC7C25289D105E00C740BD /* Frameworks */,
				C5BC7C26289D105E00C740BD /* Resources */,
				41029173625D56CF76FA88F7 /* [CP] Embed Pods Frameworks */,
			);
			buildRules = (
			);
			dependencies = (
			);
			name = MyLibrary;
			productName = MyLibrary;
			productReference = C5BC7C28289D105E00C740BD /* MyLibrary.app */;
			productType = "com.apple.product-type.application";
		};
/* End PBXNativeTarget section */

/* Begin PBXProject section */
		C5BC7C20289D105E00C740BD /* Project object */ = {
			isa = PBXProject;
			attributes = {
				BuildIndependentTargetsInParallel = 1;
				LastSwiftUpdateCheck = 1330;
				LastUpgradeCheck = 1330;
				TargetAttributes = {
					C5BC7C27289D105E00C740BD = {
						CreatedOnToolsVersion = 13.3.1;
					};
				};
			};
			buildConfigurationList = C5BC7C23289D105E00C740BD /* Build configuration list for PBXProject "MyLibrary" */;
			compatibilityVersion = "Xcode 13.0";
			developmentRegion = en;
			hasScannedForEncodings = 0;
			knownRegions = (
				en,
				Base,
			);
			mainGroup = C5BC7C1F289D105E00C740BD;
			productRefGroup = C5BC7C29289D105E00C740BD /* Products */;
			projectDirPath = "";
			projectRoot = "";
			targets = (
				C5BC7C27289D105E00C740BD /* MyLibrary */,
			);
		};
/* End PBXProject section */

/* Begin PBXResourcesBuildPhase section */
		C5BC7C26289D105E00C740BD /* Resources */ = {
			isa = PBXResourcesBuildPhase;
			buildActionMask = 2147483647;
			files = (
				C5BC7C38289D105F00C740BD /* LaunchScreen.storyboard in Resources */,
				C5BC7C35289D105F00C740BD /* Assets.xcassets in Resources */,
			);
			runOnlyForDeploymentPostprocessing = 0;
		};
/* End PBXResourcesBuildPhase section */

/* Begin PBXShellScriptBuildPhase section */
		41029173625D56CF76FA88F7 /* [CP] Embed Pods Frameworks */ = {
			isa = PBXShellScriptBuildPhase;
			buildActionMask = 2147483647;
			files = (
			);
			inputFileListPaths = (
				"${PODS_ROOT}/Target Support Files/Pods-MyLibrary/Pods-MyLibrary-frameworks-${CONFIGURATION}-input-files.xcfilelist",
			);
			name = "[CP] Embed Pods Frameworks";
			outputFileListPaths = (
				"${PODS_ROOT}/Target Support Files/Pods-MyLibrary/Pods-MyLibrary-frameworks-${CONFIGURATION}-output-files.xcfilelist",
			);
			runOnlyForDeploymentPostprocessing = 0;
			shellPath = /bin/sh;
			shellScript = "\"${PODS_ROOT}/Target Support Files/Pods-MyLibrary/Pods-MyLibrary-frameworks.sh\"\n";
			showEnvVarsInLog = 0;
		};
		CC2F7362F2D0BF19DA172611 /* [CP] Check Pods Manifest.lock */ = {
			isa = PBXShellScriptBuildPhase;
			buildActionMask = 2147483647;
			files = (
			);
			inputFileListPaths = (
			);
			inputPaths = (
				"${PODS_PODFILE_DIR_PATH}/Podfile.lock",
				"${PODS_ROOT}/Manifest.lock",
			);
			name = "[CP] Check Pods Manifest.lock";
			outputFileListPaths = (
			);
			outputPaths = (
				"$(DERIVED_FILE_DIR)/Pods-MyLibrary-checkManifestLockResult.txt",
			);
			runOnlyForDeploymentPostprocessing = 0;
			shellPath = /bin/sh;
			shellScript = "diff \"${PODS_PODFILE_DIR_PATH}/Podfile.lock\" \"${PODS_ROOT}/Manifest.lock\" > /dev/null\nif [ $? != 0 ] ; then\n    # print error to STDERR\n    echo \"error: The sandbox is not in sync with the Podfile.lock. Run 'pod install' or update your CocoaPods installation.\" >&2\n    exit 1\nfi\n# This output is used by Xcode 'outputs' to avoid re-running this script phase.\necho \"SUCCESS\" > \"${SCRIPT_OUTPUT_FILE_0}\"\n";
			showEnvVarsInLog = 0;
		};
/* End PBXShellScriptBuildPhase section */

/* Begin PBXSourcesBuildPhase section */
		C5BC7C24289D105E00C740BD /* Sources */ = {
			isa = PBXSourcesBuildPhase;
			buildActionMask = 2147483647;
			files = (
				C5BC7C63289D270800C740BD /* Book.swift in Sources */,
				C5BC7C50289D1A2E00C740BD /* BookListCellData.swift in Sources */,
				C5BC7C46289D17F500C740BD /* SearchBarViewModel.swift in Sources */,
				C5BC7C49289D18F200C740BD /* BookListView.swift in Sources */,
				C5BC7C40289D115300C740BD /* MainViewController.swift in Sources */,
				C5BC7C65289D279F00C740BD /* SearchNetworkError.swift in Sources */,
				C5BC7C44289D17EA00C740BD /* SearchBar.swift in Sources */,
				C5BC7C60289D26DD00C740BD /* Network.swift in Sources */,
				C5BC7C2C289D105E00C740BD /* AppDelegate.swift in Sources */,
				C5BC7C5E289D26D400C740BD /* API.swift in Sources */,
				C5BC7C4D289D190400C740BD /* BookListViewModel.swift in Sources */,
				C5BC7C4B289D18FA00C740BD /* BookListCell.swift in Sources */,
				C5BC7C54289D1B9E00C740BD /* FilterViewModel.swift in Sources */,
				C5BC7C52289D1B9600C740BD /* FilterView.swift in Sources */,
				C5BC7C59289D1CE500C740BD /* AlertActionConvertible.swift in Sources */,
				C5BC7C2E289D105E00C740BD /* SceneDelegate.swift in Sources */,
			);
			runOnlyForDeploymentPostprocessing = 0;
		};
/* End PBXSourcesBuildPhase section */

/* Begin PBXVariantGroup section */
		C5BC7C36289D105F00C740BD /* LaunchScreen.storyboard */ = {
			isa = PBXVariantGroup;
			children = (
				C5BC7C37289D105F00C740BD /* Base */,
			);
			name = LaunchScreen.storyboard;
			sourceTree = "<group>";
		};
/* End PBXVariantGroup section */

/* Begin XCBuildConfiguration section */
		C5BC7C3A289D106000C740BD /* Debug */ = {
			isa = XCBuildConfiguration;
			buildSettings = {
				ALWAYS_SEARCH_USER_PATHS = NO;
				CLANG_ANALYZER_NONNULL = YES;
				CLANG_ANALYZER_NUMBER_OBJECT_CONVERSION = YES_AGGRESSIVE;
				CLANG_CXX_LANGUAGE_STANDARD = "gnu++17";
				CLANG_ENABLE_MODULES = YES;
				CLANG_ENABLE_OBJC_ARC = YES;
				CLANG_ENABLE_OBJC_WEAK = YES;
				CLANG_WARN_BLOCK_CAPTURE_AUTORELEASING = YES;
				CLANG_WARN_BOOL_CONVERSION = YES;
				CLANG_WARN_COMMA = YES;
				CLANG_WARN_CONSTANT_CONVERSION = YES;
				CLANG_WARN_DEPRECATED_OBJC_IMPLEMENTATIONS = YES;
				CLANG_WARN_DIRECT_OBJC_ISA_USAGE = YES_ERROR;
				CLANG_WARN_DOCUMENTATION_COMMENTS = YES;
				CLANG_WARN_EMPTY_BODY = YES;
				CLANG_WARN_ENUM_CONVERSION = YES;
				CLANG_WARN_INFINITE_RECURSION = YES;
				CLANG_WARN_INT_CONVERSION = YES;
				CLANG_WARN_NON_LITERAL_NULL_CONVERSION = YES;
				CLANG_WARN_OBJC_IMPLICIT_RETAIN_SELF = YES;
				CLANG_WARN_OBJC_LITERAL_CONVERSION = YES;
				CLANG_WARN_OBJC_ROOT_CLASS = YES_ERROR;
				CLANG_WARN_QUOTED_INCLUDE_IN_FRAMEWORK_HEADER = YES;
				CLANG_WARN_RANGE_LOOP_ANALYSIS = YES;
				CLANG_WARN_STRICT_PROTOTYPES = YES;
				CLANG_WARN_SUSPICIOUS_MOVE = YES;
				CLANG_WARN_UNGUARDED_AVAILABILITY = YES_AGGRESSIVE;
				CLANG_WARN_UNREACHABLE_CODE = YES;
				CLANG_WARN__DUPLICATE_METHOD_MATCH = YES;
				COPY_PHASE_STRIP = NO;
				DEBUG_INFORMATION_FORMAT = dwarf;
				ENABLE_STRICT_OBJC_MSGSEND = YES;
				ENABLE_TESTABILITY = YES;
				GCC_C_LANGUAGE_STANDARD = gnu11;
				GCC_DYNAMIC_NO_PIC = NO;
				GCC_NO_COMMON_BLOCKS = YES;
				GCC_OPTIMIZATION_LEVEL = 0;
				GCC_PREPROCESSOR_DEFINITIONS = (
					"DEBUG=1",
					"$(inherited)",
				);
				GCC_WARN_64_TO_32_BIT_CONVERSION = YES;
				GCC_WARN_ABOUT_RETURN_TYPE = YES_ERROR;
				GCC_WARN_UNDECLARED_SELECTOR = YES;
				GCC_WARN_UNINITIALIZED_AUTOS = YES_AGGRESSIVE;
				GCC_WARN_UNUSED_FUNCTION = YES;
				GCC_WARN_UNUSED_VARIABLE = YES;
				IPHONEOS_DEPLOYMENT_TARGET = 15.4;
				MTL_ENABLE_DEBUG_INFO = INCLUDE_SOURCE;
				MTL_FAST_MATH = YES;
				ONLY_ACTIVE_ARCH = YES;
				SDKROOT = iphoneos;
				SWIFT_ACTIVE_COMPILATION_CONDITIONS = DEBUG;
				SWIFT_OPTIMIZATION_LEVEL = "-Onone";
			};
			name = Debug;
		};
		C5BC7C3B289D106000C740BD /* Release */ = {
			isa = XCBuildConfiguration;
			buildSettings = {
				ALWAYS_SEARCH_USER_PATHS = NO;
				CLANG_ANALYZER_NONNULL = YES;
				CLANG_ANALYZER_NUMBER_OBJECT_CONVERSION = YES_AGGRESSIVE;
				CLANG_CXX_LANGUAGE_STANDARD = "gnu++17";
				CLANG_ENABLE_MODULES = YES;
				CLANG_ENABLE_OBJC_ARC = YES;
				CLANG_ENABLE_OBJC_WEAK = YES;
				CLANG_WARN_BLOCK_CAPTURE_AUTORELEASING = YES;
				CLANG_WARN_BOOL_CONVERSION = YES;
				CLANG_WARN_COMMA = YES;
				CLANG_WARN_CONSTANT_CONVERSION = YES;
				CLANG_WARN_DEPRECATED_OBJC_IMPLEMENTATIONS = YES;
				CLANG_WARN_DIRECT_OBJC_ISA_USAGE = YES_ERROR;
				CLANG_WARN_DOCUMENTATION_COMMENTS = YES;
				CLANG_WARN_EMPTY_BODY = YES;
				CLANG_WARN_ENUM_CONVERSION = YES;
				CLANG_WARN_INFINITE_RECURSION = YES;
				CLANG_WARN_INT_CONVERSION = YES;
				CLANG_WARN_NON_LITERAL_NULL_CONVERSION = YES;
				CLANG_WARN_OBJC_IMPLICIT_RETAIN_SELF = YES;
				CLANG_WARN_OBJC_LITERAL_CONVERSION = YES;
				CLANG_WARN_OBJC_ROOT_CLASS = YES_ERROR;
				CLANG_WARN_QUOTED_INCLUDE_IN_FRAMEWORK_HEADER = YES;
				CLANG_WARN_RANGE_LOOP_ANALYSIS = YES;
				CLANG_WARN_STRICT_PROTOTYPES = YES;
				CLANG_WARN_SUSPICIOUS_MOVE = YES;
				CLANG_WARN_UNGUARDED_AVAILABILITY = YES_AGGRESSIVE;
				CLANG_WARN_UNREACHABLE_CODE = YES;
				CLANG_WARN__DUPLICATE_METHOD_MATCH = YES;
				COPY_PHASE_STRIP = NO;
				DEBUG_INFORMATION_FORMAT = "dwarf-with-dsym";
				ENABLE_NS_ASSERTIONS = NO;
				ENABLE_STRICT_OBJC_MSGSEND = YES;
				GCC_C_LANGUAGE_STANDARD = gnu11;
				GCC_NO_COMMON_BLOCKS = YES;
				GCC_WARN_64_TO_32_BIT_CONVERSION = YES;
				GCC_WARN_ABOUT_RETURN_TYPE = YES_ERROR;
				GCC_WARN_UNDECLARED_SELECTOR = YES;
				GCC_WARN_UNINITIALIZED_AUTOS = YES_AGGRESSIVE;
				GCC_WARN_UNUSED_FUNCTION = YES;
				GCC_WARN_UNUSED_VARIABLE = YES;
				IPHONEOS_DEPLOYMENT_TARGET = 15.4;
				MTL_ENABLE_DEBUG_INFO = NO;
				MTL_FAST_MATH = YES;
				SDKROOT = iphoneos;
				SWIFT_COMPILATION_MODE = wholemodule;
				SWIFT_OPTIMIZATION_LEVEL = "-O";
				VALIDATE_PRODUCT = YES;
			};
			name = Release;
		};
		C5BC7C3D289D106000C740BD /* Debug */ = {
			isa = XCBuildConfiguration;
			baseConfigurationReference = CC048CE0F48070392BBC6C07 /* Pods-MyLibrary.debug.xcconfig */;
			buildSettings = {
				ASSETCATALOG_COMPILER_APPICON_NAME = AppIcon;
				ASSETCATALOG_COMPILER_GLOBAL_ACCENT_COLOR_NAME = AccentColor;
				CODE_SIGN_STYLE = Automatic;
				CURRENT_PROJECT_VERSION = 1;
				DEVELOPMENT_TEAM = 2QHZXV9AND;
				GENERATE_INFOPLIST_FILE = YES;
				INFOPLIST_FILE = MyLibrary/Info.plist;
				INFOPLIST_KEY_UIApplicationSupportsIndirectInputEvents = YES;
				INFOPLIST_KEY_UILaunchStoryboardName = LaunchScreen;
				INFOPLIST_KEY_UISupportedInterfaceOrientations_iPad = "UIInterfaceOrientationPortrait UIInterfaceOrientationPortraitUpsideDown UIInterfaceOrientationLandscapeLeft UIInterfaceOrientationLandscapeRight";
				INFOPLIST_KEY_UISupportedInterfaceOrientations_iPhone = "UIInterfaceOrientationPortrait UIInterfaceOrientationLandscapeLeft UIInterfaceOrientationLandscapeRight";
				LD_RUNPATH_SEARCH_PATHS = (
					"$(inherited)",
					"@executable_path/Frameworks",
				);
				MARKETING_VERSION = 1.0;
				PRODUCT_BUNDLE_IDENTIFIER = com.MyLibrary;
				PRODUCT_NAME = "$(TARGET_NAME)";
				SWIFT_EMIT_LOC_STRINGS = YES;
				SWIFT_VERSION = 5.0;
				TARGETED_DEVICE_FAMILY = "1,2";
			};
			name = Debug;
		};
		C5BC7C3E289D106000C740BD /* Release */ = {
			isa = XCBuildConfiguration;
			baseConfigurationReference = A17D2DA278E744B9DF976B81 /* Pods-MyLibrary.release.xcconfig */;
			buildSettings = {
				ASSETCATALOG_COMPILER_APPICON_NAME = AppIcon;
				ASSETCATALOG_COMPILER_GLOBAL_ACCENT_COLOR_NAME = AccentColor;
				CODE_SIGN_STYLE = Automatic;
				CURRENT_PROJECT_VERSION = 1;
				DEVELOPMENT_TEAM = 2QHZXV9AND;
				GENERATE_INFOPLIST_FILE = YES;
				INFOPLIST_FILE = MyLibrary/Info.plist;
				INFOPLIST_KEY_UIApplicationSupportsIndirectInputEvents = YES;
				INFOPLIST_KEY_UILaunchStoryboardName = LaunchScreen;
				INFOPLIST_KEY_UISupportedInterfaceOrientations_iPad = "UIInterfaceOrientationPortrait UIInterfaceOrientationPortraitUpsideDown UIInterfaceOrientationLandscapeLeft UIInterfaceOrientationLandscapeRight";
				INFOPLIST_KEY_UISupportedInterfaceOrientations_iPhone = "UIInterfaceOrientationPortrait UIInterfaceOrientationLandscapeLeft UIInterfaceOrientationLandscapeRight";
				LD_RUNPATH_SEARCH_PATHS = (
					"$(inherited)",
					"@executable_path/Frameworks",
				);
				MARKETING_VERSION = 1.0;
				PRODUCT_BUNDLE_IDENTIFIER = com.MyLibrary;
				PRODUCT_NAME = "$(TARGET_NAME)";
				SWIFT_EMIT_LOC_STRINGS = YES;
				SWIFT_VERSION = 5.0;
				TARGETED_DEVICE_FAMILY = "1,2";
			};
			name = Release;
		};
/* End XCBuildConfiguration section */

/* Begin XCConfigurationList section */
		C5BC7C23289D105E00C740BD /* Build configuration list for PBXProject "MyLibrary" */ = {
			isa = XCConfigurationList;
			buildConfigurations = (
				C5BC7C3A289D106000C740BD /* Debug */,
				C5BC7C3B289D106000C740BD /* Release */,
			);
			defaultConfigurationIsVisible = 0;
			defaultConfigurationName = Release;
		};
		C5BC7C3C289D106000C740BD /* Build configuration list for PBXNativeTarget "MyLibrary" */ = {
			isa = XCConfigurationList;
			buildConfigurations = (
				C5BC7C3D289D106000C740BD /* Debug */,
				C5BC7C3E289D106000C740BD /* Release */,
			);
			defaultConfigurationIsVisible = 0;
			defaultConfigurationName = Release;
		};
/* End XCConfigurationList section */
	};
	rootObject = C5BC7C20289D105E00C740BD /* Project object */;
}
